
Microsoft Visual Studio Solution File, Format Version 12.00
# Visual Studio Version 16
VisualStudioVersion = 16.0.30717.126
MinimumVisualStudioVersion = 10.0.40219.1
Project("{FAE04EC0-301F-11D3-BF4B-00C04F79EFBC}") = "demo-app-api", "demo-app-api\demo-app-api.csproj", "{6E001CF5-500E-43C7-A9D9-B5DB9CCD28EF}"
EndProject
Global
	GlobalSection(SolutionConfigurationPlatforms) = preSolution
		Debug|Any CPU = Debug|Any CPU
		Release|Any CPU = Release|Any CPU
	EndGlobalSection
	GlobalSection(ProjectConfigurationPlatforms) = postSolution
		{6E001CF5-500E-43C7-A9D9-B5DB9CCD28EF}.Debug|Any CPU.ActiveCfg = Debug|Any CPU
		{6E001CF5-500E-43C7-A9D9-B5DB9CCD28EF}.Debug|Any CPU.Build.0 = Debug|Any CPU
		{6E001CF5-500E-43C7-A9D9-B5DB9CCD28EF}.Release|Any CPU.ActiveCfg = Release|Any CPU
		{6E001CF5-500E-43C7-A9D9-B5DB9CCD28EF}.Release|Any CPU.Build.0 = Release|Any CPU
	EndGlobalSection
	GlobalSection(SolutionProperties) = preSolution
		HideSolutionNode = FALSE
	EndGlobalSection
	GlobalSection(ExtensibilityGlobals) = postSolution
		SolutionGuid = {0B3531A0-F8D6-4DA6-9D83-9880FA431EC9}
	EndGlobalSection
EndGlobal
